{
  "requires": true,
  "lockfileVersion": 1,
  "dependencies": {
    "enter-view": {
      "version": "1.0.0",
      "resolved": "https://registry.npmjs.org/enter-view/-/enter-view-1.0.0.tgz",
      "integrity": "sha512-zqpqMXx2JdqG7gbcWbUgRsRUqwHRRbiRvXW6gwjL5k0tO5dNUCUfVtO+tO74s65c6HZCo6rTfNIwRg1zqKCaqw=="
    }
  }
}
